{
  "name": "practice_cicd2",
  "version": "1.0.0",
  "lockfileVersion": 3,
  "requires": true,
  "packages": {
    "": {
      "name": "practice_cicd2",
      "version": "1.0.0",
      "license": "ISC",
      "dependencies": {
        "lodash": "^4.17.21",
        "practice_cicd": "^4.5.15"
      }
    },
    "node_modules/lodash": {
      "version": "4.17.21",
      "resolved": "https://registry.npmjs.org/lodash/-/lodash-4.17.21.tgz",
      "integrity": "sha512-v2kDEe57lecTulaDIuNTPy3Ry4gLGJ6Z1O3vE1krgXZNrsQ+LFTGHVxVjcXPs17LhbZVGedAJv8XZ1tvj5FvSg=="
    },
    "node_modules/practice_cicd": {
      "version": "4.5.15",
      "resolved": "https://registry.npmjs.org/practice_cicd/-/practice_cicd-4.5.15.tgz",
      "integrity": "sha512-4ccYMrcOz1Pi63giEvxBhErlH+TlwXYpK9RpxhqrK38mhoLL85WNqzzPd4lRVwKu9a5awiUmvFFm451jiwgknA==",
      "dependencies": {
        "lodash": "^4.17.21"
      }
    }
  }
}
