{
  "name": "practice_cicd2",
  "version": "1.0.0",
  "lockfileVersion": 3,
  "requires": true,
  "packages": {
    "": {
      "name": "practice_cicd2",
      "version": "1.0.0",
      "license": "ISC",
      "dependencies": {
        "lodash": "^4.17.21",
        "practice_cicd": "^4.0.4"
      }
    },
    "node_modules/lodash": {
      "version": "4.17.21",
      "resolved": "https://registry.npmjs.org/lodash/-/lodash-4.17.21.tgz",
      "integrity": "sha512-v2kDEe57lecTulaDIuNTPy3Ry4gLGJ6Z1O3vE1krgXZNrsQ+LFTGHVxVjcXPs17LhbZVGedAJv8XZ1tvj5FvSg=="
    },
    "node_modules/practice_cicd": {
      "version": "4.0.4",
      "resolved": "https://registry.npmjs.org/practice_cicd/-/practice_cicd-4.0.4.tgz",
      "integrity": "sha512-qnt0VeMlleBNSylrcsTkSO2/h9bP7H1j3MiQg1SlPXjOginNvxVzrRS9GSEzUdCZAVNRgWMEyAB8fSoHVSS/5Q==",
      "dependencies": {
        "lodash": "^4.17.21"
      }
    }
  }
}
